
Microsoft Visual Studio Solution File, Format Version 12.00
# Visual Studio Version 16
VisualStudioVersion = 16.0.28721.148
MinimumVisualStudioVersion = 10.0.40219.1
Project("{2150E333-8FDC-42A3-9474-1A3956D46DE8}") = "docs", "docs", "{A3C983B4-83AD-452F-9123-0873B5A03C56}"
	ProjectSection(SolutionItems) = preProject
		docs\aspnetcore3.0course.pptx = docs\aspnetcore3.0course.pptx
	EndProjectSection
EndProject
Project("{2150E333-8FDC-42A3-9474-1A3956D46DE8}") = "中间件和依赖注入", "中间件和依赖注入", "{532A9ADF-0EE2-4747-8990-2CCA63B598B8}"
EndProject
Project("{9A19103F-16F7-4668-BE54-9A1E7A4F7556}") = "MiddlewareDependencyInjectionDemo", "中间件和依赖注入\MiddlewareDependencyInjectionDemo\MiddlewareDependencyInjectionDemo.csproj", "{3567B02E-E2F6-431F-8C87-8C478BF3A10B}"
EndProject
Project("{2150E333-8FDC-42A3-9474-1A3956D46DE8}") = "配置文件", "配置文件", "{FEAB7E33-AAF5-4033-8897-7DF000B5E961}"
EndProject
Project("{9A19103F-16F7-4668-BE54-9A1E7A4F7556}") = "ConfigrationDemo", "配置文件\ConfigrationDemo\ConfigrationDemo.csproj", "{DEB41E9E-A07A-4517-8144-520B3219B842}"
EndProject
Project("{9A19103F-16F7-4668-BE54-9A1E7A4F7556}") = "ConfigrationDemo_Custom", "配置文件\ConfigrationDemo_Custom\ConfigrationDemo_Custom.csproj", "{F2F3E650-FC91-4C07-9D4C-B310BC138991}"
EndProject
Project("{2150E333-8FDC-42A3-9474-1A3956D46DE8}") = "验证和授权", "验证和授权", "{DBEF1CBA-0482-440D-9765-A6D510D1960E}"
EndProject
Project("{9A19103F-16F7-4668-BE54-9A1E7A4F7556}") = "AuthenticationAuthorization_Cookie_01", "验证和授权\AuthenticationAuthorization_Cookie_01\AuthenticationAuthorization_Cookie_01.csproj", "{40720D33-64FA-4E1E-AF0D-977DD2AED403}"
EndProject
Project("{9A19103F-16F7-4668-BE54-9A1E7A4F7556}") = "AuthenticationAuthorization_Cookie_02", "验证和授权\AuthenticationAuthorization_Cookie_02\AuthenticationAuthorization_Cookie_02.csproj", "{7B4104C7-6CBD-4043-AEE8-41F98C14E0E4}"
EndProject
Project("{9A19103F-16F7-4668-BE54-9A1E7A4F7556}") = "AuthenticationAuthorization_Token_03", "验证和授权\AuthenticationAuthorization_Token_03\AuthenticationAuthorization_Token_03.csproj", "{828259DB-29BA-4B48-83B0-E169EB7B13F5}"
EndProject
Project("{9A19103F-16F7-4668-BE54-9A1E7A4F7556}") = "AuthenticationAuthorization_Token_03_Client", "验证和授权\AuthenticationAuthorization_Token_03_Client\AuthenticationAuthorization_Token_03_Client.csproj", "{11E43A97-4EC4-4B1A-9DC7-EF12E501F9D5}"
EndProject
Project("{2150E333-8FDC-42A3-9474-1A3956D46DE8}") = "HttpClient", "HttpClient", "{8E12ACC4-94A9-4543-A353-3C44E4D8ADB1}"
EndProject
Project("{9A19103F-16F7-4668-BE54-9A1E7A4F7556}") = "HttpClientDemo001", "HttpClient\HttpClientDemo001\HttpClientDemo001.csproj", "{B894C641-4321-40A4-9CB9-047A9068670F}"
EndProject
Project("{9A19103F-16F7-4668-BE54-9A1E7A4F7556}") = "HttpClientDemo001_Server", "HttpClient\HttpClientDemo001_Server\HttpClientDemo001_Server.csproj", "{DB33D8D4-D055-4EC8-A402-5495FBB26238}"
EndProject
Project("{2150E333-8FDC-42A3-9474-1A3956D46DE8}") = "全球化和本地化", "全球化和本地化", "{2809C9A7-0EE7-43A0-9A1F-15A1A905764B}"
EndProject
Project("{9A19103F-16F7-4668-BE54-9A1E7A4F7556}") = "GlobalizationLocalizationDemo01", "全球化和本地化\GlobalizationLocalizationDemo01\GlobalizationLocalizationDemo01.csproj", "{4924E9B1-8BB8-409E-9266-FCAB4CA0E578}"
EndProject
Project("{2150E333-8FDC-42A3-9474-1A3956D46DE8}") = "缓存", "缓存", "{AB01F5FE-B984-4E52-B91D-0A1DD60EA8E1}"
EndProject
Project("{FAE04EC0-301F-11D3-BF4B-00C04F79EFBC}") = "CacheDemo01", "缓存\CacheDemo01\CacheDemo01.csproj", "{5507498C-993E-466B-AF4D-381BFFB1B470}"
EndProject
Project("{FAE04EC0-301F-11D3-BF4B-00C04F79EFBC}") = "DistributedPostgreCache", "缓存\DistributedPostgreCache\DistributedPostgreCache.csproj", "{2C297AB0-548A-4CC7-AF11-2D620807EADB}"
EndProject
Global
	GlobalSection(SolutionConfigurationPlatforms) = preSolution
		Debug|Any CPU = Debug|Any CPU
		Release|Any CPU = Release|Any CPU
	EndGlobalSection
	GlobalSection(ProjectConfigurationPlatforms) = postSolution
		{3567B02E-E2F6-431F-8C87-8C478BF3A10B}.Debug|Any CPU.ActiveCfg = Debug|Any CPU
		{3567B02E-E2F6-431F-8C87-8C478BF3A10B}.Debug|Any CPU.Build.0 = Debug|Any CPU
		{3567B02E-E2F6-431F-8C87-8C478BF3A10B}.Release|Any CPU.ActiveCfg = Release|Any CPU
		{3567B02E-E2F6-431F-8C87-8C478BF3A10B}.Release|Any CPU.Build.0 = Release|Any CPU
		{DEB41E9E-A07A-4517-8144-520B3219B842}.Debug|Any CPU.ActiveCfg = Debug|Any CPU
		{DEB41E9E-A07A-4517-8144-520B3219B842}.Debug|Any CPU.Build.0 = Debug|Any CPU
		{DEB41E9E-A07A-4517-8144-520B3219B842}.Release|Any CPU.ActiveCfg = Release|Any CPU
		{DEB41E9E-A07A-4517-8144-520B3219B842}.Release|Any CPU.Build.0 = Release|Any CPU
		{F2F3E650-FC91-4C07-9D4C-B310BC138991}.Debug|Any CPU.ActiveCfg = Debug|Any CPU
		{F2F3E650-FC91-4C07-9D4C-B310BC138991}.Debug|Any CPU.Build.0 = Debug|Any CPU
		{F2F3E650-FC91-4C07-9D4C-B310BC138991}.Release|Any CPU.ActiveCfg = Release|Any CPU
		{F2F3E650-FC91-4C07-9D4C-B310BC138991}.Release|Any CPU.Build.0 = Release|Any CPU
		{40720D33-64FA-4E1E-AF0D-977DD2AED403}.Debug|Any CPU.ActiveCfg = Debug|Any CPU
		{40720D33-64FA-4E1E-AF0D-977DD2AED403}.Debug|Any CPU.Build.0 = Debug|Any CPU
		{40720D33-64FA-4E1E-AF0D-977DD2AED403}.Release|Any CPU.ActiveCfg = Release|Any CPU
		{40720D33-64FA-4E1E-AF0D-977DD2AED403}.Release|Any CPU.Build.0 = Release|Any CPU
		{7B4104C7-6CBD-4043-AEE8-41F98C14E0E4}.Debug|Any CPU.ActiveCfg = Debug|Any CPU
		{7B4104C7-6CBD-4043-AEE8-41F98C14E0E4}.Debug|Any CPU.Build.0 = Debug|Any CPU
		{7B4104C7-6CBD-4043-AEE8-41F98C14E0E4}.Release|Any CPU.ActiveCfg = Release|Any CPU
		{7B4104C7-6CBD-4043-AEE8-41F98C14E0E4}.Release|Any CPU.Build.0 = Release|Any CPU
		{828259DB-29BA-4B48-83B0-E169EB7B13F5}.Debug|Any CPU.ActiveCfg = Debug|Any CPU
		{828259DB-29BA-4B48-83B0-E169EB7B13F5}.Debug|Any CPU.Build.0 = Debug|Any CPU
		{828259DB-29BA-4B48-83B0-E169EB7B13F5}.Release|Any CPU.ActiveCfg = Release|Any CPU
		{828259DB-29BA-4B48-83B0-E169EB7B13F5}.Release|Any CPU.Build.0 = Release|Any CPU
		{11E43A97-4EC4-4B1A-9DC7-EF12E501F9D5}.Debug|Any CPU.ActiveCfg = Debug|Any CPU
		{11E43A97-4EC4-4B1A-9DC7-EF12E501F9D5}.Debug|Any CPU.Build.0 = Debug|Any CPU
		{11E43A97-4EC4-4B1A-9DC7-EF12E501F9D5}.Release|Any CPU.ActiveCfg = Release|Any CPU
		{11E43A97-4EC4-4B1A-9DC7-EF12E501F9D5}.Release|Any CPU.Build.0 = Release|Any CPU
		{B894C641-4321-40A4-9CB9-047A9068670F}.Debug|Any CPU.ActiveCfg = Debug|Any CPU
		{B894C641-4321-40A4-9CB9-047A9068670F}.Debug|Any CPU.Build.0 = Debug|Any CPU
		{B894C641-4321-40A4-9CB9-047A9068670F}.Release|Any CPU.ActiveCfg = Release|Any CPU
		{B894C641-4321-40A4-9CB9-047A9068670F}.Release|Any CPU.Build.0 = Release|Any CPU
		{DB33D8D4-D055-4EC8-A402-5495FBB26238}.Debug|Any CPU.ActiveCfg = Debug|Any CPU
		{DB33D8D4-D055-4EC8-A402-5495FBB26238}.Debug|Any CPU.Build.0 = Debug|Any CPU
		{DB33D8D4-D055-4EC8-A402-5495FBB26238}.Release|Any CPU.ActiveCfg = Release|Any CPU
		{DB33D8D4-D055-4EC8-A402-5495FBB26238}.Release|Any CPU.Build.0 = Release|Any CPU
		{4924E9B1-8BB8-409E-9266-FCAB4CA0E578}.Debug|Any CPU.ActiveCfg = Debug|Any CPU
		{4924E9B1-8BB8-409E-9266-FCAB4CA0E578}.Debug|Any CPU.Build.0 = Debug|Any CPU
		{4924E9B1-8BB8-409E-9266-FCAB4CA0E578}.Release|Any CPU.ActiveCfg = Release|Any CPU
		{4924E9B1-8BB8-409E-9266-FCAB4CA0E578}.Release|Any CPU.Build.0 = Release|Any CPU
		{5507498C-993E-466B-AF4D-381BFFB1B470}.Debug|Any CPU.ActiveCfg = Debug|Any CPU
		{5507498C-993E-466B-AF4D-381BFFB1B470}.Debug|Any CPU.Build.0 = Debug|Any CPU
		{5507498C-993E-466B-AF4D-381BFFB1B470}.Release|Any CPU.ActiveCfg = Release|Any CPU
		{5507498C-993E-466B-AF4D-381BFFB1B470}.Release|Any CPU.Build.0 = Release|Any CPU
		{2C297AB0-548A-4CC7-AF11-2D620807EADB}.Debug|Any CPU.ActiveCfg = Debug|Any CPU
		{2C297AB0-548A-4CC7-AF11-2D620807EADB}.Debug|Any CPU.Build.0 = Debug|Any CPU
		{2C297AB0-548A-4CC7-AF11-2D620807EADB}.Release|Any CPU.ActiveCfg = Release|Any CPU
		{2C297AB0-548A-4CC7-AF11-2D620807EADB}.Release|Any CPU.Build.0 = Release|Any CPU
	EndGlobalSection
	GlobalSection(SolutionProperties) = preSolution
		HideSolutionNode = FALSE
	EndGlobalSection
	GlobalSection(NestedProjects) = preSolution
		{3567B02E-E2F6-431F-8C87-8C478BF3A10B} = {532A9ADF-0EE2-4747-8990-2CCA63B598B8}
		{DEB41E9E-A07A-4517-8144-520B3219B842} = {FEAB7E33-AAF5-4033-8897-7DF000B5E961}
		{F2F3E650-FC91-4C07-9D4C-B310BC138991} = {FEAB7E33-AAF5-4033-8897-7DF000B5E961}
		{40720D33-64FA-4E1E-AF0D-977DD2AED403} = {DBEF1CBA-0482-440D-9765-A6D510D1960E}
		{7B4104C7-6CBD-4043-AEE8-41F98C14E0E4} = {DBEF1CBA-0482-440D-9765-A6D510D1960E}
		{828259DB-29BA-4B48-83B0-E169EB7B13F5} = {DBEF1CBA-0482-440D-9765-A6D510D1960E}
		{11E43A97-4EC4-4B1A-9DC7-EF12E501F9D5} = {DBEF1CBA-0482-440D-9765-A6D510D1960E}
		{B894C641-4321-40A4-9CB9-047A9068670F} = {8E12ACC4-94A9-4543-A353-3C44E4D8ADB1}
		{DB33D8D4-D055-4EC8-A402-5495FBB26238} = {8E12ACC4-94A9-4543-A353-3C44E4D8ADB1}
		{4924E9B1-8BB8-409E-9266-FCAB4CA0E578} = {2809C9A7-0EE7-43A0-9A1F-15A1A905764B}
		{5507498C-993E-466B-AF4D-381BFFB1B470} = {AB01F5FE-B984-4E52-B91D-0A1DD60EA8E1}
		{2C297AB0-548A-4CC7-AF11-2D620807EADB} = {AB01F5FE-B984-4E52-B91D-0A1DD60EA8E1}
	EndGlobalSection
	GlobalSection(ExtensibilityGlobals) = postSolution
		SolutionGuid = {5CB3F486-CE6E-47FB-A62F-70F307BC329E}
	EndGlobalSection
EndGlobal
