
Microsoft Visual Studio Solution File, Format Version 12.00
# Visual Studio Version 16
VisualStudioVersion = 16.0.28721.148
MinimumVisualStudioVersion = 10.0.40219.1
Project("{2150E333-8FDC-42A3-9474-1A3956D46DE8}") = "docs", "docs", "{A3C983B4-83AD-452F-9123-0873B5A03C56}"
	ProjectSection(SolutionItems) = preProject
		docs\aspnetcore3.0course.pptx = docs\aspnetcore3.0course.pptx
	EndProjectSection
EndProject
Project("{2150E333-8FDC-42A3-9474-1A3956D46DE8}") = "Configration", "Configration", "{FEAB7E33-AAF5-4033-8897-7DF000B5E961}"
EndProject
Project("{2150E333-8FDC-42A3-9474-1A3956D46DE8}") = "HttpClient", "HttpClient", "{8E12ACC4-94A9-4543-A353-3C44E4D8ADB1}"
EndProject
Project("{9A19103F-16F7-4668-BE54-9A1E7A4F7556}") = "HttpClientDemo001", "HttpClient\HttpClientDemo001\HttpClientDemo001.csproj", "{B894C641-4321-40A4-9CB9-047A9068670F}"
EndProject
Project("{9A19103F-16F7-4668-BE54-9A1E7A4F7556}") = "HttpClientDemo001_Server", "HttpClient\HttpClientDemo001_Server\HttpClientDemo001_Server.csproj", "{DB33D8D4-D055-4EC8-A402-5495FBB26238}"
EndProject
Project("{2150E333-8FDC-42A3-9474-1A3956D46DE8}") = "GlobalizationAndLocalization", "GlobalizationAndLocalization", "{2809C9A7-0EE7-43A0-9A1F-15A1A905764B}"
EndProject
Project("{2150E333-8FDC-42A3-9474-1A3956D46DE8}") = "Cache", "Cache", "{AB01F5FE-B984-4E52-B91D-0A1DD60EA8E1}"
EndProject
Project("{2150E333-8FDC-42A3-9474-1A3956D46DE8}") = "Dapper", "Dapper", "{74135ACD-8A68-4EAE-9FEA-2FE47B10CE87}"
EndProject
Project("{9A19103F-16F7-4668-BE54-9A1E7A4F7556}") = "DapperDemo01", "Dapper\DapperDemo01\DapperDemo01.csproj", "{B8961663-8A0D-4395-8C32-06241B709CAC}"
EndProject
Project("{2150E333-8FDC-42A3-9474-1A3956D46DE8}") = "LogDemo", "LogDemo", "{97953DEC-D4F0-438A-B565-C4DF888C85A6}"
EndProject
Project("{9A19103F-16F7-4668-BE54-9A1E7A4F7556}") = "LogDemo01", "LogDemo\LogDemo01\LogDemo01.csproj", "{BA72B39E-C416-4C3A-B7B2-65705585DFB0}"
EndProject
Project("{9A19103F-16F7-4668-BE54-9A1E7A4F7556}") = "LogDemo01_NLog", "LogDemo\LogDemo01_NLog\LogDemo01_NLog.csproj", "{F6B9EFCF-D3B0-442C-88E4-42E207A08A93}"
EndProject
Project("{9A19103F-16F7-4668-BE54-9A1E7A4F7556}") = "LogDemo03_LoggerMessage", "LogDemo\LogDemo03_LoggerMessage\LogDemo03_LoggerMessage.csproj", "{08CB6970-3210-41A5-B895-F2FDDFF65B3C}"
EndProject
Project("{2150E333-8FDC-42A3-9474-1A3956D46DE8}") = "Quartz.NetDemo", "Quartz.NetDemo", "{5B5C169D-D8D0-481C-8A5B-399C3C442072}"
EndProject
Project("{9A19103F-16F7-4668-BE54-9A1E7A4F7556}") = "QuartzNetDemo01", "Quartz.NetDemo\QuartzNetDemo01\QuartzNetDemo01.csproj", "{DD2AD8F5-F608-48D1-B05F-2632211AD2B3}"
EndProject
Project("{2150E333-8FDC-42A3-9474-1A3956D46DE8}") = "API", "API", "{149EAE08-0983-4246-B5D2-B2099C548D96}"
EndProject
Project("{9A19103F-16F7-4668-BE54-9A1E7A4F7556}") = "APIDemo01", "API\APIDemo01\APIDemo01.csproj", "{6D3EB19E-656D-4A0A-B8AE-6AE7FFACABBA}"
EndProject
Project("{9A19103F-16F7-4668-BE54-9A1E7A4F7556}") = "APIDemo02", "API\APIDemo02\APIDemo02.csproj", "{E6306F4C-5349-4592-932C-DB35570BCBB1}"
EndProject
Project("{2150E333-8FDC-42A3-9474-1A3956D46DE8}") = "MVC", "MVC", "{4AD64DED-B0BA-421C-9766-D216B225071F}"
EndProject
Project("{9A19103F-16F7-4668-BE54-9A1E7A4F7556}") = "MVCDemo01", "MVC\MVCDemo01\MVCDemo01.csproj", "{238E9654-8DBB-4249-9F17-980378FB5D43}"
EndProject
Project("{9A19103F-16F7-4668-BE54-9A1E7A4F7556}") = "FilterDemo02", "MVC\FilterDemo02\FilterDemo02.csproj", "{3C92B795-2B9B-4C81-BD18-2CA706831435}"
EndProject
Project("{9A19103F-16F7-4668-BE54-9A1E7A4F7556}") = "DapperExtension", "Dapper\DapperExtension\DapperExtension.csproj", "{08E16205-04E0-4415-A8C4-00378325BED9}"
EndProject
Project("{2150E333-8FDC-42A3-9474-1A3956D46DE8}") = "XUnit", "XUnit", "{382F420E-480E-4EF0-84C2-E3C0C75CE6BB}"
EndProject
Project("{9A19103F-16F7-4668-BE54-9A1E7A4F7556}") = "Working", "XUnit\Working\Working.csproj", "{963C1886-F044-4A11-8B7D-C84558B5CAB5}"
EndProject
Project("{9A19103F-16F7-4668-BE54-9A1E7A4F7556}") = "Working.XUnitTest", "XUnit\Working.XUnitTest\Working.XUnitTest.csproj", "{64EC4367-42FA-4AF5-9ED3-49A1BCDACD5E}"
EndProject
Project("{9A19103F-16F7-4668-BE54-9A1E7A4F7556}") = "RestfulAPIDemo", "API\RestfulAPIDemo\RestfulAPIDemo.csproj", "{DA1FFB9E-E3CE-457C-861D-EEBDD274421F}"
EndProject
Project("{2150E333-8FDC-42A3-9474-1A3956D46DE8}") = "Monitor", "Monitor", "{2F456BFE-828F-4188-A80D-8F312E5E569E}"
EndProject
Project("{9A19103F-16F7-4668-BE54-9A1E7A4F7556}") = "CacheDemo01", "Cache\CacheDemo01\CacheDemo01.csproj", "{0BCE72E0-3935-4A73-866A-651F2774C7BD}"
EndProject
Project("{9A19103F-16F7-4668-BE54-9A1E7A4F7556}") = "DistributedPostgreCache", "Cache\DistributedPostgreCache\DistributedPostgreCache.csproj", "{934100DD-E884-47EF-9D86-12D8EE3B846A}"
EndProject
Project("{2150E333-8FDC-42A3-9474-1A3956D46DE8}") = "MiddleWareAndDI", "MiddleWareAndDI", "{C3E05C00-BBC0-48B8-880D-134A131C82AC}"
EndProject
Project("{9A19103F-16F7-4668-BE54-9A1E7A4F7556}") = "BaseDIDemo", "MiddlewareAndDI\BaseDIDemo\BaseDIDemo.csproj", "{B131AFEC-01C9-4938-8F65-F9F5A2669C87}"
EndProject
Project("{9A19103F-16F7-4668-BE54-9A1E7A4F7556}") = "HostDemo", "MiddlewareAndDI\HostDemo\HostDemo.csproj", "{2BBDDDED-4BB8-4A53-8163-8DBD63E28D13}"
EndProject
Project("{9A19103F-16F7-4668-BE54-9A1E7A4F7556}") = "MiddlewareDependencyInjectionDemo", "MiddlewareAndDI\MiddlewareDependencyInjectionDemo\MiddlewareDependencyInjectionDemo.csproj", "{CDE65D8D-7C00-41EB-A8C5-517BDE61CF4D}"
EndProject
Project("{9A19103F-16F7-4668-BE54-9A1E7A4F7556}") = "MuiltDIDemo", "MiddlewareAndDI\MuiltDIDemo\MuiltDIDemo.csproj", "{1CE473CB-4A87-401D-BC8D-53E6387E95AD}"
EndProject
Project("{9A19103F-16F7-4668-BE54-9A1E7A4F7556}") = "ConfigrationDemo", "Configration\ConfigrationDemo\ConfigrationDemo.csproj", "{387F5F01-AD2F-44C1-A8EB-0E285375F0ED}"
EndProject
Project("{9A19103F-16F7-4668-BE54-9A1E7A4F7556}") = "ConfigrationDemo_Custom", "Configration\ConfigrationDemo_Custom\ConfigrationDemo_Custom.csproj", "{46C3C137-09B9-449D-93F8-DC29BD79517F}"
EndProject
Project("{9A19103F-16F7-4668-BE54-9A1E7A4F7556}") = "GlobalizationLocalizationDemo01", "GlobalizationAndLocalization\GlobalizationLocalizationDemo01\GlobalizationLocalizationDemo01.csproj", "{B2D65F9C-65EE-4EDB-855B-F580A697BC76}"
EndProject
Project("{2150E333-8FDC-42A3-9474-1A3956D46DE8}") = "AuthenticationAndAuthorization", "AuthenticationAndAuthorization", "{ECD0D043-F4E7-4156-A13C-40DAFFFB933C}"
EndProject
Project("{9A19103F-16F7-4668-BE54-9A1E7A4F7556}") = "AuthenticationAuthorization_Cookie_01", "AuthenticationAndAuthorization\AuthenticationAuthorization_Cookie_01\AuthenticationAuthorization_Cookie_01.csproj", "{DB719EEC-476A-4AB7-B70B-48C0B653F830}"
EndProject
Project("{9A19103F-16F7-4668-BE54-9A1E7A4F7556}") = "AuthenticationAuthorization_Cookie_02", "AuthenticationAndAuthorization\AuthenticationAuthorization_Cookie_02\AuthenticationAuthorization_Cookie_02.csproj", "{2F21347D-C9E4-4CCE-A006-9BDD04CD71BD}"
EndProject
Project("{9A19103F-16F7-4668-BE54-9A1E7A4F7556}") = "AuthenticationAuthorization_Token_03", "AuthenticationAndAuthorization\AuthenticationAuthorization_Token_03\AuthenticationAuthorization_Token_03.csproj", "{8A125CEC-4E73-4415-A21A-F6E27AB9983E}"
EndProject
Project("{9A19103F-16F7-4668-BE54-9A1E7A4F7556}") = "AuthenticationAuthorization_Token_03_Client", "AuthenticationAndAuthorization\AuthenticationAuthorization_Token_03_Client\AuthenticationAuthorization_Token_03_Client.csproj", "{C5D696EB-24D5-4FEB-8F58-540E569F25B4}"
EndProject
Project("{2150E333-8FDC-42A3-9474-1A3956D46DE8}") = "SSO", "SSO", "{8E36B3B8-0AE8-41E2-9046-EE4F60709D1D}"
EndProject
Project("{9A19103F-16F7-4668-BE54-9A1E7A4F7556}") = "LoginProject", "AuthenticationAndAuthorization\SSO\LoginProject\LoginProject.csproj", "{AE74A22E-6867-4AF9-A500-C84B4960E439}"
EndProject
Project("{9A19103F-16F7-4668-BE54-9A1E7A4F7556}") = "Project01", "AuthenticationAndAuthorization\SSO\Project01\Project01.csproj", "{5DD197A6-159F-4E6B-B6A4-4AB15CE13E99}"
EndProject
Project("{9A19103F-16F7-4668-BE54-9A1E7A4F7556}") = "Project02", "AuthenticationAndAuthorization\SSO\Project02\Project02.csproj", "{834D9D65-21B0-46BE-9BB9-C7E4801C0D60}"
EndProject
Project("{9A19103F-16F7-4668-BE54-9A1E7A4F7556}") = "AppMetricDemo", "Monitor\AppMetricDemo\AppMetricDemo.csproj", "{2C25E570-C74C-415B-886D-E0A47CBDC0CF}"
EndProject
Project("{2150E333-8FDC-42A3-9474-1A3956D46DE8}") = "HealthChecks", "HealthChecks", "{66C32FF2-5947-4287-8CBB-193C13C08250}"
EndProject
Project("{9A19103F-16F7-4668-BE54-9A1E7A4F7556}") = "HealthChecksDemo01", "HealthChecks\HealthChecksDemo01\HealthChecksDemo01.csproj", "{F6DAD438-B2AA-48A7-A911-F764220A0532}"
EndProject
Project("{9A19103F-16F7-4668-BE54-9A1E7A4F7556}") = "HealthChecksDemo02", "HealthChecks\HealthChecksDemo02\HealthChecksDemo02.csproj", "{CC40384F-649A-4C77-A523-E7D5C1EE226D}"
EndProject
Project("{9A19103F-16F7-4668-BE54-9A1E7A4F7556}") = "LogLevelTest", "LogDemo\LogLevelTest\LogLevelTest.csproj", "{AEE86619-7EF3-48F3-B557-4903EB9E0216}"
EndProject
Global
	GlobalSection(SolutionConfigurationPlatforms) = preSolution
		Debug|Any CPU = Debug|Any CPU
		Release|Any CPU = Release|Any CPU
	EndGlobalSection
	GlobalSection(ProjectConfigurationPlatforms) = postSolution
		{B894C641-4321-40A4-9CB9-047A9068670F}.Debug|Any CPU.ActiveCfg = Debug|Any CPU
		{B894C641-4321-40A4-9CB9-047A9068670F}.Debug|Any CPU.Build.0 = Debug|Any CPU
		{B894C641-4321-40A4-9CB9-047A9068670F}.Release|Any CPU.ActiveCfg = Release|Any CPU
		{B894C641-4321-40A4-9CB9-047A9068670F}.Release|Any CPU.Build.0 = Release|Any CPU
		{DB33D8D4-D055-4EC8-A402-5495FBB26238}.Debug|Any CPU.ActiveCfg = Debug|Any CPU
		{DB33D8D4-D055-4EC8-A402-5495FBB26238}.Debug|Any CPU.Build.0 = Debug|Any CPU
		{DB33D8D4-D055-4EC8-A402-5495FBB26238}.Release|Any CPU.ActiveCfg = Release|Any CPU
		{DB33D8D4-D055-4EC8-A402-5495FBB26238}.Release|Any CPU.Build.0 = Release|Any CPU
		{B8961663-8A0D-4395-8C32-06241B709CAC}.Debug|Any CPU.ActiveCfg = Debug|Any CPU
		{B8961663-8A0D-4395-8C32-06241B709CAC}.Debug|Any CPU.Build.0 = Debug|Any CPU
		{B8961663-8A0D-4395-8C32-06241B709CAC}.Release|Any CPU.ActiveCfg = Release|Any CPU
		{B8961663-8A0D-4395-8C32-06241B709CAC}.Release|Any CPU.Build.0 = Release|Any CPU
		{BA72B39E-C416-4C3A-B7B2-65705585DFB0}.Debug|Any CPU.ActiveCfg = Debug|Any CPU
		{BA72B39E-C416-4C3A-B7B2-65705585DFB0}.Debug|Any CPU.Build.0 = Debug|Any CPU
		{BA72B39E-C416-4C3A-B7B2-65705585DFB0}.Release|Any CPU.ActiveCfg = Release|Any CPU
		{BA72B39E-C416-4C3A-B7B2-65705585DFB0}.Release|Any CPU.Build.0 = Release|Any CPU
		{F6B9EFCF-D3B0-442C-88E4-42E207A08A93}.Debug|Any CPU.ActiveCfg = Debug|Any CPU
		{F6B9EFCF-D3B0-442C-88E4-42E207A08A93}.Debug|Any CPU.Build.0 = Debug|Any CPU
		{F6B9EFCF-D3B0-442C-88E4-42E207A08A93}.Release|Any CPU.ActiveCfg = Release|Any CPU
		{F6B9EFCF-D3B0-442C-88E4-42E207A08A93}.Release|Any CPU.Build.0 = Release|Any CPU
		{08CB6970-3210-41A5-B895-F2FDDFF65B3C}.Debug|Any CPU.ActiveCfg = Debug|Any CPU
		{08CB6970-3210-41A5-B895-F2FDDFF65B3C}.Debug|Any CPU.Build.0 = Debug|Any CPU
		{08CB6970-3210-41A5-B895-F2FDDFF65B3C}.Release|Any CPU.ActiveCfg = Release|Any CPU
		{08CB6970-3210-41A5-B895-F2FDDFF65B3C}.Release|Any CPU.Build.0 = Release|Any CPU
		{DD2AD8F5-F608-48D1-B05F-2632211AD2B3}.Debug|Any CPU.ActiveCfg = Debug|Any CPU
		{DD2AD8F5-F608-48D1-B05F-2632211AD2B3}.Debug|Any CPU.Build.0 = Debug|Any CPU
		{DD2AD8F5-F608-48D1-B05F-2632211AD2B3}.Release|Any CPU.ActiveCfg = Release|Any CPU
		{DD2AD8F5-F608-48D1-B05F-2632211AD2B3}.Release|Any CPU.Build.0 = Release|Any CPU
		{6D3EB19E-656D-4A0A-B8AE-6AE7FFACABBA}.Debug|Any CPU.ActiveCfg = Debug|Any CPU
		{6D3EB19E-656D-4A0A-B8AE-6AE7FFACABBA}.Debug|Any CPU.Build.0 = Debug|Any CPU
		{6D3EB19E-656D-4A0A-B8AE-6AE7FFACABBA}.Release|Any CPU.ActiveCfg = Release|Any CPU
		{6D3EB19E-656D-4A0A-B8AE-6AE7FFACABBA}.Release|Any CPU.Build.0 = Release|Any CPU
		{E6306F4C-5349-4592-932C-DB35570BCBB1}.Debug|Any CPU.ActiveCfg = Debug|Any CPU
		{E6306F4C-5349-4592-932C-DB35570BCBB1}.Debug|Any CPU.Build.0 = Debug|Any CPU
		{E6306F4C-5349-4592-932C-DB35570BCBB1}.Release|Any CPU.ActiveCfg = Release|Any CPU
		{E6306F4C-5349-4592-932C-DB35570BCBB1}.Release|Any CPU.Build.0 = Release|Any CPU
		{238E9654-8DBB-4249-9F17-980378FB5D43}.Debug|Any CPU.ActiveCfg = Debug|Any CPU
		{238E9654-8DBB-4249-9F17-980378FB5D43}.Debug|Any CPU.Build.0 = Debug|Any CPU
		{238E9654-8DBB-4249-9F17-980378FB5D43}.Release|Any CPU.ActiveCfg = Release|Any CPU
		{238E9654-8DBB-4249-9F17-980378FB5D43}.Release|Any CPU.Build.0 = Release|Any CPU
		{3C92B795-2B9B-4C81-BD18-2CA706831435}.Debug|Any CPU.ActiveCfg = Debug|Any CPU
		{3C92B795-2B9B-4C81-BD18-2CA706831435}.Debug|Any CPU.Build.0 = Debug|Any CPU
		{3C92B795-2B9B-4C81-BD18-2CA706831435}.Release|Any CPU.ActiveCfg = Release|Any CPU
		{3C92B795-2B9B-4C81-BD18-2CA706831435}.Release|Any CPU.Build.0 = Release|Any CPU
		{08E16205-04E0-4415-A8C4-00378325BED9}.Debug|Any CPU.ActiveCfg = Debug|Any CPU
		{08E16205-04E0-4415-A8C4-00378325BED9}.Debug|Any CPU.Build.0 = Debug|Any CPU
		{08E16205-04E0-4415-A8C4-00378325BED9}.Release|Any CPU.ActiveCfg = Release|Any CPU
		{08E16205-04E0-4415-A8C4-00378325BED9}.Release|Any CPU.Build.0 = Release|Any CPU
		{963C1886-F044-4A11-8B7D-C84558B5CAB5}.Debug|Any CPU.ActiveCfg = Debug|Any CPU
		{963C1886-F044-4A11-8B7D-C84558B5CAB5}.Debug|Any CPU.Build.0 = Debug|Any CPU
		{963C1886-F044-4A11-8B7D-C84558B5CAB5}.Release|Any CPU.ActiveCfg = Release|Any CPU
		{963C1886-F044-4A11-8B7D-C84558B5CAB5}.Release|Any CPU.Build.0 = Release|Any CPU
		{64EC4367-42FA-4AF5-9ED3-49A1BCDACD5E}.Debug|Any CPU.ActiveCfg = Debug|Any CPU
		{64EC4367-42FA-4AF5-9ED3-49A1BCDACD5E}.Debug|Any CPU.Build.0 = Debug|Any CPU
		{64EC4367-42FA-4AF5-9ED3-49A1BCDACD5E}.Release|Any CPU.ActiveCfg = Release|Any CPU
		{64EC4367-42FA-4AF5-9ED3-49A1BCDACD5E}.Release|Any CPU.Build.0 = Release|Any CPU
		{DA1FFB9E-E3CE-457C-861D-EEBDD274421F}.Debug|Any CPU.ActiveCfg = Debug|Any CPU
		{DA1FFB9E-E3CE-457C-861D-EEBDD274421F}.Debug|Any CPU.Build.0 = Debug|Any CPU
		{DA1FFB9E-E3CE-457C-861D-EEBDD274421F}.Release|Any CPU.ActiveCfg = Release|Any CPU
		{DA1FFB9E-E3CE-457C-861D-EEBDD274421F}.Release|Any CPU.Build.0 = Release|Any CPU
		{0BCE72E0-3935-4A73-866A-651F2774C7BD}.Debug|Any CPU.ActiveCfg = Debug|Any CPU
		{0BCE72E0-3935-4A73-866A-651F2774C7BD}.Debug|Any CPU.Build.0 = Debug|Any CPU
		{0BCE72E0-3935-4A73-866A-651F2774C7BD}.Release|Any CPU.ActiveCfg = Release|Any CPU
		{0BCE72E0-3935-4A73-866A-651F2774C7BD}.Release|Any CPU.Build.0 = Release|Any CPU
		{934100DD-E884-47EF-9D86-12D8EE3B846A}.Debug|Any CPU.ActiveCfg = Debug|Any CPU
		{934100DD-E884-47EF-9D86-12D8EE3B846A}.Debug|Any CPU.Build.0 = Debug|Any CPU
		{934100DD-E884-47EF-9D86-12D8EE3B846A}.Release|Any CPU.ActiveCfg = Release|Any CPU
		{934100DD-E884-47EF-9D86-12D8EE3B846A}.Release|Any CPU.Build.0 = Release|Any CPU
		{B131AFEC-01C9-4938-8F65-F9F5A2669C87}.Debug|Any CPU.ActiveCfg = Debug|Any CPU
		{B131AFEC-01C9-4938-8F65-F9F5A2669C87}.Debug|Any CPU.Build.0 = Debug|Any CPU
		{B131AFEC-01C9-4938-8F65-F9F5A2669C87}.Release|Any CPU.ActiveCfg = Release|Any CPU
		{B131AFEC-01C9-4938-8F65-F9F5A2669C87}.Release|Any CPU.Build.0 = Release|Any CPU
		{2BBDDDED-4BB8-4A53-8163-8DBD63E28D13}.Debug|Any CPU.ActiveCfg = Debug|Any CPU
		{2BBDDDED-4BB8-4A53-8163-8DBD63E28D13}.Debug|Any CPU.Build.0 = Debug|Any CPU
		{2BBDDDED-4BB8-4A53-8163-8DBD63E28D13}.Release|Any CPU.ActiveCfg = Release|Any CPU
		{2BBDDDED-4BB8-4A53-8163-8DBD63E28D13}.Release|Any CPU.Build.0 = Release|Any CPU
		{CDE65D8D-7C00-41EB-A8C5-517BDE61CF4D}.Debug|Any CPU.ActiveCfg = Debug|Any CPU
		{CDE65D8D-7C00-41EB-A8C5-517BDE61CF4D}.Debug|Any CPU.Build.0 = Debug|Any CPU
		{CDE65D8D-7C00-41EB-A8C5-517BDE61CF4D}.Release|Any CPU.ActiveCfg = Release|Any CPU
		{CDE65D8D-7C00-41EB-A8C5-517BDE61CF4D}.Release|Any CPU.Build.0 = Release|Any CPU
		{1CE473CB-4A87-401D-BC8D-53E6387E95AD}.Debug|Any CPU.ActiveCfg = Debug|Any CPU
		{1CE473CB-4A87-401D-BC8D-53E6387E95AD}.Debug|Any CPU.Build.0 = Debug|Any CPU
		{1CE473CB-4A87-401D-BC8D-53E6387E95AD}.Release|Any CPU.ActiveCfg = Release|Any CPU
		{1CE473CB-4A87-401D-BC8D-53E6387E95AD}.Release|Any CPU.Build.0 = Release|Any CPU
		{387F5F01-AD2F-44C1-A8EB-0E285375F0ED}.Debug|Any CPU.ActiveCfg = Debug|Any CPU
		{387F5F01-AD2F-44C1-A8EB-0E285375F0ED}.Debug|Any CPU.Build.0 = Debug|Any CPU
		{387F5F01-AD2F-44C1-A8EB-0E285375F0ED}.Release|Any CPU.ActiveCfg = Release|Any CPU
		{387F5F01-AD2F-44C1-A8EB-0E285375F0ED}.Release|Any CPU.Build.0 = Release|Any CPU
		{46C3C137-09B9-449D-93F8-DC29BD79517F}.Debug|Any CPU.ActiveCfg = Debug|Any CPU
		{46C3C137-09B9-449D-93F8-DC29BD79517F}.Debug|Any CPU.Build.0 = Debug|Any CPU
		{46C3C137-09B9-449D-93F8-DC29BD79517F}.Release|Any CPU.ActiveCfg = Release|Any CPU
		{46C3C137-09B9-449D-93F8-DC29BD79517F}.Release|Any CPU.Build.0 = Release|Any CPU
		{B2D65F9C-65EE-4EDB-855B-F580A697BC76}.Debug|Any CPU.ActiveCfg = Debug|Any CPU
		{B2D65F9C-65EE-4EDB-855B-F580A697BC76}.Debug|Any CPU.Build.0 = Debug|Any CPU
		{B2D65F9C-65EE-4EDB-855B-F580A697BC76}.Release|Any CPU.ActiveCfg = Release|Any CPU
		{B2D65F9C-65EE-4EDB-855B-F580A697BC76}.Release|Any CPU.Build.0 = Release|Any CPU
		{DB719EEC-476A-4AB7-B70B-48C0B653F830}.Debug|Any CPU.ActiveCfg = Debug|Any CPU
		{DB719EEC-476A-4AB7-B70B-48C0B653F830}.Debug|Any CPU.Build.0 = Debug|Any CPU
		{DB719EEC-476A-4AB7-B70B-48C0B653F830}.Release|Any CPU.ActiveCfg = Release|Any CPU
		{DB719EEC-476A-4AB7-B70B-48C0B653F830}.Release|Any CPU.Build.0 = Release|Any CPU
		{2F21347D-C9E4-4CCE-A006-9BDD04CD71BD}.Debug|Any CPU.ActiveCfg = Debug|Any CPU
		{2F21347D-C9E4-4CCE-A006-9BDD04CD71BD}.Debug|Any CPU.Build.0 = Debug|Any CPU
		{2F21347D-C9E4-4CCE-A006-9BDD04CD71BD}.Release|Any CPU.ActiveCfg = Release|Any CPU
		{2F21347D-C9E4-4CCE-A006-9BDD04CD71BD}.Release|Any CPU.Build.0 = Release|Any CPU
		{8A125CEC-4E73-4415-A21A-F6E27AB9983E}.Debug|Any CPU.ActiveCfg = Debug|Any CPU
		{8A125CEC-4E73-4415-A21A-F6E27AB9983E}.Debug|Any CPU.Build.0 = Debug|Any CPU
		{8A125CEC-4E73-4415-A21A-F6E27AB9983E}.Release|Any CPU.ActiveCfg = Release|Any CPU
		{8A125CEC-4E73-4415-A21A-F6E27AB9983E}.Release|Any CPU.Build.0 = Release|Any CPU
		{C5D696EB-24D5-4FEB-8F58-540E569F25B4}.Debug|Any CPU.ActiveCfg = Debug|Any CPU
		{C5D696EB-24D5-4FEB-8F58-540E569F25B4}.Debug|Any CPU.Build.0 = Debug|Any CPU
		{C5D696EB-24D5-4FEB-8F58-540E569F25B4}.Release|Any CPU.ActiveCfg = Release|Any CPU
		{C5D696EB-24D5-4FEB-8F58-540E569F25B4}.Release|Any CPU.Build.0 = Release|Any CPU
		{AE74A22E-6867-4AF9-A500-C84B4960E439}.Debug|Any CPU.ActiveCfg = Debug|Any CPU
		{AE74A22E-6867-4AF9-A500-C84B4960E439}.Debug|Any CPU.Build.0 = Debug|Any CPU
		{AE74A22E-6867-4AF9-A500-C84B4960E439}.Release|Any CPU.ActiveCfg = Release|Any CPU
		{AE74A22E-6867-4AF9-A500-C84B4960E439}.Release|Any CPU.Build.0 = Release|Any CPU
		{5DD197A6-159F-4E6B-B6A4-4AB15CE13E99}.Debug|Any CPU.ActiveCfg = Debug|Any CPU
		{5DD197A6-159F-4E6B-B6A4-4AB15CE13E99}.Debug|Any CPU.Build.0 = Debug|Any CPU
		{5DD197A6-159F-4E6B-B6A4-4AB15CE13E99}.Release|Any CPU.ActiveCfg = Release|Any CPU
		{5DD197A6-159F-4E6B-B6A4-4AB15CE13E99}.Release|Any CPU.Build.0 = Release|Any CPU
		{834D9D65-21B0-46BE-9BB9-C7E4801C0D60}.Debug|Any CPU.ActiveCfg = Debug|Any CPU
		{834D9D65-21B0-46BE-9BB9-C7E4801C0D60}.Debug|Any CPU.Build.0 = Debug|Any CPU
		{834D9D65-21B0-46BE-9BB9-C7E4801C0D60}.Release|Any CPU.ActiveCfg = Release|Any CPU
		{834D9D65-21B0-46BE-9BB9-C7E4801C0D60}.Release|Any CPU.Build.0 = Release|Any CPU
		{2C25E570-C74C-415B-886D-E0A47CBDC0CF}.Debug|Any CPU.ActiveCfg = Debug|Any CPU
		{2C25E570-C74C-415B-886D-E0A47CBDC0CF}.Debug|Any CPU.Build.0 = Debug|Any CPU
		{2C25E570-C74C-415B-886D-E0A47CBDC0CF}.Release|Any CPU.ActiveCfg = Release|Any CPU
		{2C25E570-C74C-415B-886D-E0A47CBDC0CF}.Release|Any CPU.Build.0 = Release|Any CPU
		{F6DAD438-B2AA-48A7-A911-F764220A0532}.Debug|Any CPU.ActiveCfg = Debug|Any CPU
		{F6DAD438-B2AA-48A7-A911-F764220A0532}.Debug|Any CPU.Build.0 = Debug|Any CPU
		{F6DAD438-B2AA-48A7-A911-F764220A0532}.Release|Any CPU.ActiveCfg = Release|Any CPU
		{F6DAD438-B2AA-48A7-A911-F764220A0532}.Release|Any CPU.Build.0 = Release|Any CPU
		{CC40384F-649A-4C77-A523-E7D5C1EE226D}.Debug|Any CPU.ActiveCfg = Debug|Any CPU
		{CC40384F-649A-4C77-A523-E7D5C1EE226D}.Debug|Any CPU.Build.0 = Debug|Any CPU
		{CC40384F-649A-4C77-A523-E7D5C1EE226D}.Release|Any CPU.ActiveCfg = Release|Any CPU
		{CC40384F-649A-4C77-A523-E7D5C1EE226D}.Release|Any CPU.Build.0 = Release|Any CPU
		{AEE86619-7EF3-48F3-B557-4903EB9E0216}.Debug|Any CPU.ActiveCfg = Debug|Any CPU
		{AEE86619-7EF3-48F3-B557-4903EB9E0216}.Debug|Any CPU.Build.0 = Debug|Any CPU
		{AEE86619-7EF3-48F3-B557-4903EB9E0216}.Release|Any CPU.ActiveCfg = Release|Any CPU
		{AEE86619-7EF3-48F3-B557-4903EB9E0216}.Release|Any CPU.Build.0 = Release|Any CPU
	EndGlobalSection
	GlobalSection(SolutionProperties) = preSolution
		HideSolutionNode = FALSE
	EndGlobalSection
	GlobalSection(NestedProjects) = preSolution
		{B894C641-4321-40A4-9CB9-047A9068670F} = {8E12ACC4-94A9-4543-A353-3C44E4D8ADB1}
		{DB33D8D4-D055-4EC8-A402-5495FBB26238} = {8E12ACC4-94A9-4543-A353-3C44E4D8ADB1}
		{B8961663-8A0D-4395-8C32-06241B709CAC} = {74135ACD-8A68-4EAE-9FEA-2FE47B10CE87}
		{BA72B39E-C416-4C3A-B7B2-65705585DFB0} = {97953DEC-D4F0-438A-B565-C4DF888C85A6}
		{F6B9EFCF-D3B0-442C-88E4-42E207A08A93} = {97953DEC-D4F0-438A-B565-C4DF888C85A6}
		{08CB6970-3210-41A5-B895-F2FDDFF65B3C} = {97953DEC-D4F0-438A-B565-C4DF888C85A6}
		{DD2AD8F5-F608-48D1-B05F-2632211AD2B3} = {5B5C169D-D8D0-481C-8A5B-399C3C442072}
		{6D3EB19E-656D-4A0A-B8AE-6AE7FFACABBA} = {149EAE08-0983-4246-B5D2-B2099C548D96}
		{E6306F4C-5349-4592-932C-DB35570BCBB1} = {149EAE08-0983-4246-B5D2-B2099C548D96}
		{238E9654-8DBB-4249-9F17-980378FB5D43} = {4AD64DED-B0BA-421C-9766-D216B225071F}
		{3C92B795-2B9B-4C81-BD18-2CA706831435} = {4AD64DED-B0BA-421C-9766-D216B225071F}
		{08E16205-04E0-4415-A8C4-00378325BED9} = {74135ACD-8A68-4EAE-9FEA-2FE47B10CE87}
		{963C1886-F044-4A11-8B7D-C84558B5CAB5} = {382F420E-480E-4EF0-84C2-E3C0C75CE6BB}
		{64EC4367-42FA-4AF5-9ED3-49A1BCDACD5E} = {382F420E-480E-4EF0-84C2-E3C0C75CE6BB}
		{DA1FFB9E-E3CE-457C-861D-EEBDD274421F} = {149EAE08-0983-4246-B5D2-B2099C548D96}
		{0BCE72E0-3935-4A73-866A-651F2774C7BD} = {AB01F5FE-B984-4E52-B91D-0A1DD60EA8E1}
		{934100DD-E884-47EF-9D86-12D8EE3B846A} = {AB01F5FE-B984-4E52-B91D-0A1DD60EA8E1}
		{B131AFEC-01C9-4938-8F65-F9F5A2669C87} = {C3E05C00-BBC0-48B8-880D-134A131C82AC}
		{2BBDDDED-4BB8-4A53-8163-8DBD63E28D13} = {C3E05C00-BBC0-48B8-880D-134A131C82AC}
		{CDE65D8D-7C00-41EB-A8C5-517BDE61CF4D} = {C3E05C00-BBC0-48B8-880D-134A131C82AC}
		{1CE473CB-4A87-401D-BC8D-53E6387E95AD} = {C3E05C00-BBC0-48B8-880D-134A131C82AC}
		{387F5F01-AD2F-44C1-A8EB-0E285375F0ED} = {FEAB7E33-AAF5-4033-8897-7DF000B5E961}
		{46C3C137-09B9-449D-93F8-DC29BD79517F} = {FEAB7E33-AAF5-4033-8897-7DF000B5E961}
		{B2D65F9C-65EE-4EDB-855B-F580A697BC76} = {2809C9A7-0EE7-43A0-9A1F-15A1A905764B}
		{DB719EEC-476A-4AB7-B70B-48C0B653F830} = {ECD0D043-F4E7-4156-A13C-40DAFFFB933C}
		{2F21347D-C9E4-4CCE-A006-9BDD04CD71BD} = {ECD0D043-F4E7-4156-A13C-40DAFFFB933C}
		{8A125CEC-4E73-4415-A21A-F6E27AB9983E} = {ECD0D043-F4E7-4156-A13C-40DAFFFB933C}
		{C5D696EB-24D5-4FEB-8F58-540E569F25B4} = {ECD0D043-F4E7-4156-A13C-40DAFFFB933C}
		{8E36B3B8-0AE8-41E2-9046-EE4F60709D1D} = {ECD0D043-F4E7-4156-A13C-40DAFFFB933C}
		{AE74A22E-6867-4AF9-A500-C84B4960E439} = {8E36B3B8-0AE8-41E2-9046-EE4F60709D1D}
		{5DD197A6-159F-4E6B-B6A4-4AB15CE13E99} = {8E36B3B8-0AE8-41E2-9046-EE4F60709D1D}
		{834D9D65-21B0-46BE-9BB9-C7E4801C0D60} = {8E36B3B8-0AE8-41E2-9046-EE4F60709D1D}
		{2C25E570-C74C-415B-886D-E0A47CBDC0CF} = {2F456BFE-828F-4188-A80D-8F312E5E569E}
		{F6DAD438-B2AA-48A7-A911-F764220A0532} = {66C32FF2-5947-4287-8CBB-193C13C08250}
		{CC40384F-649A-4C77-A523-E7D5C1EE226D} = {66C32FF2-5947-4287-8CBB-193C13C08250}
		{AEE86619-7EF3-48F3-B557-4903EB9E0216} = {97953DEC-D4F0-438A-B565-C4DF888C85A6}
	EndGlobalSection
	GlobalSection(ExtensibilityGlobals) = postSolution
		SolutionGuid = {5CB3F486-CE6E-47FB-A62F-70F307BC329E}
	EndGlobalSection
EndGlobal
